
Microsoft Visual Studio Solution File, Format Version 12.00
# Visual Studio Version 17
VisualStudioVersion = 17.1.32421.90
MinimumVisualStudioVersion = 10.0.40219.1
Project("{FAE04EC0-301F-11D3-BF4B-00C04F79EFBC}") = "PayCore.API", "PayCore.API\PayCore.API.csproj", "{D6D85012-41A9-41E5-8581-A7C5CD7B061E}"
EndProject
Project("{FAE04EC0-301F-11D3-BF4B-00C04F79EFBC}") = "PayCore.Core", "PayCore.Core\PayCore.Core.csproj", "{30D13952-E7A7-4D66-950B-F4628CDBEECB}"
EndProject
Project("{FAE04EC0-301F-11D3-BF4B-00C04F79EFBC}") = "PayCore.Service", "PayCore.Service\PayCore.Service.csproj", "{A6C871E3-0EDA-486B-A413-39072DCBB47B}"
EndProject
Project("{FAE04EC0-301F-11D3-BF4B-00C04F79EFBC}") = "Paycore.Repository", "Paycore.Repository\Paycore.Repository.csproj", "{B9180A40-5E0A-4B99-A195-D18B483C2624}"
EndProject
Project("{FAE04EC0-301F-11D3-BF4B-00C04F79EFBC}") = "PayCore.Caching", "PayCore.Caching\PayCore.Caching.csproj", "{4B016463-49F6-4818-AA89-2794222F9DE3}"
EndProject
Global
	GlobalSection(SolutionConfigurationPlatforms) = preSolution
		Debug|Any CPU = Debug|Any CPU
		Release|Any CPU = Release|Any CPU
	EndGlobalSection
	GlobalSection(ProjectConfigurationPlatforms) = postSolution
		{D6D85012-41A9-41E5-8581-A7C5CD7B061E}.Debug|Any CPU.ActiveCfg = Debug|Any CPU
		{D6D85012-41A9-41E5-8581-A7C5CD7B061E}.Debug|Any CPU.Build.0 = Debug|Any CPU
		{D6D85012-41A9-41E5-8581-A7C5CD7B061E}.Release|Any CPU.ActiveCfg = Release|Any CPU
		{D6D85012-41A9-41E5-8581-A7C5CD7B061E}.Release|Any CPU.Build.0 = Release|Any CPU
		{30D13952-E7A7-4D66-950B-F4628CDBEECB}.Debug|Any CPU.ActiveCfg = Debug|Any CPU
		{30D13952-E7A7-4D66-950B-F4628CDBEECB}.Debug|Any CPU.Build.0 = Debug|Any CPU
		{30D13952-E7A7-4D66-950B-F4628CDBEECB}.Release|Any CPU.ActiveCfg = Release|Any CPU
		{30D13952-E7A7-4D66-950B-F4628CDBEECB}.Release|Any CPU.Build.0 = Release|Any CPU
		{A6C871E3-0EDA-486B-A413-39072DCBB47B}.Debug|Any CPU.ActiveCfg = Debug|Any CPU
		{A6C871E3-0EDA-486B-A413-39072DCBB47B}.Debug|Any CPU.Build.0 = Debug|Any CPU
		{A6C871E3-0EDA-486B-A413-39072DCBB47B}.Release|Any CPU.ActiveCfg = Release|Any CPU
		{A6C871E3-0EDA-486B-A413-39072DCBB47B}.Release|Any CPU.Build.0 = Release|Any CPU
		{B9180A40-5E0A-4B99-A195-D18B483C2624}.Debug|Any CPU.ActiveCfg = Debug|Any CPU
		{B9180A40-5E0A-4B99-A195-D18B483C2624}.Debug|Any CPU.Build.0 = Debug|Any CPU
		{B9180A40-5E0A-4B99-A195-D18B483C2624}.Release|Any CPU.ActiveCfg = Release|Any CPU
		{B9180A40-5E0A-4B99-A195-D18B483C2624}.Release|Any CPU.Build.0 = Release|Any CPU
		{4B016463-49F6-4818-AA89-2794222F9DE3}.Debug|Any CPU.ActiveCfg = Debug|Any CPU
		{4B016463-49F6-4818-AA89-2794222F9DE3}.Debug|Any CPU.Build.0 = Debug|Any CPU
		{4B016463-49F6-4818-AA89-2794222F9DE3}.Release|Any CPU.ActiveCfg = Release|Any CPU
		{4B016463-49F6-4818-AA89-2794222F9DE3}.Release|Any CPU.Build.0 = Release|Any CPU
	EndGlobalSection
	GlobalSection(SolutionProperties) = preSolution
		HideSolutionNode = FALSE
	EndGlobalSection
	GlobalSection(ExtensibilityGlobals) = postSolution
		SolutionGuid = {6DC6FC91-41E2-48A7-A071-00319646C4CC}
	EndGlobalSection
EndGlobal
